
Microsoft Visual Studio Solution File, Format Version 12.00
# Visual Studio Version 16
VisualStudioVersion = 16.0.32630.194
MinimumVisualStudioVersion = 10.0.40219.1
Project("{9A19103F-16F7-4668-BE54-9A1E7A4F7556}") = "SSIAssessment2", "SSIAssessment2\SSIAssessment2.csproj", "{153C6471-DD03-4F54-9B7F-0D72EECDE374}"
EndProject
Global
	GlobalSection(SolutionConfigurationPlatforms) = preSolution
		Debug|Any CPU = Debug|Any CPU
		Release|Any CPU = Release|Any CPU
	EndGlobalSection
	GlobalSection(ProjectConfigurationPlatforms) = postSolution
		{153C6471-DD03-4F54-9B7F-0D72EECDE374}.Debug|Any CPU.ActiveCfg = Debug|Any CPU
		{153C6471-DD03-4F54-9B7F-0D72EECDE374}.Debug|Any CPU.Build.0 = Debug|Any CPU
		{153C6471-DD03-4F54-9B7F-0D72EECDE374}.Release|Any CPU.ActiveCfg = Release|Any CPU
		{153C6471-DD03-4F54-9B7F-0D72EECDE374}.Release|Any CPU.Build.0 = Release|Any CPU
	EndGlobalSection
	GlobalSection(SolutionProperties) = preSolution
		HideSolutionNode = FALSE
	EndGlobalSection
	GlobalSection(ExtensibilityGlobals) = postSolution
		SolutionGuid = {AFCA40B3-2E51-415E-B70E-6DF7FB77C650}
	EndGlobalSection
EndGlobal
